{
  "nodes": {
    "home-manager": {
      "inputs": {
        "nixpkgs": [
          "nixpkgs"
        ]
      },
      "locked": {
        "lastModified": 1766939458,
        "narHash": "sha256-VvZeAKyB3vhyHStSO8ACKzWRKNQPmVWktjfuSVdvtUA=",
        "owner": "nix-community",
        "repo": "home-manager",
        "rev": "e298a148013c980e3c8c0ac075295fab5074d643",
        "type": "github"
      },
      "original": {
        "owner": "nix-community",
        "ref": "release-25.11",
        "repo": "home-manager",
        "type": "github"
      }
    },
    "modules": {
      "inputs": {
        "nixpkgs": [
          "nixpkgs"
        ],
        "nvim-config": "nvim-config"
      },
      "locked": {
        "lastModified": 1773685358,
        "narHash": "sha256-PD0Pp9NkOU2onuPRiJaCSdEvC2f2l51bqrUi+sY8qAM=",
        "owner": "TheWhale01",
        "repo": "nixos-modules",
        "rev": "cc3baeac7e258170c045e423ee2d1a5cbb25e401",
        "type": "github"
      },
      "original": {
        "owner": "TheWhale01",
        "repo": "nixos-modules",
        "type": "github"
      }
    },
    "nixpkgs": {
      "locked": {
        "lastModified": 1767011190,
        "narHash": "sha256-5hN949/wQBuz8TXfwOe+HtnXCMc4a80AuhQlotWNwDY=",
        "owner": "nixos",
        "repo": "nixpkgs",
        "rev": "5c483c019928d925757210d6d9b2da80ab5350a5",
        "type": "github"
      },
      "original": {
        "owner": "nixos",
        "ref": "release-25.11",
        "repo": "nixpkgs",
        "type": "github"
      }
    },
    "nvim-config": {
      "flake": false,
      "locked": {
        "lastModified": 1773681976,
        "narHash": "sha256-86B5RoZmWcsQUTYtP0IOhdKqokr/01NhpMoeWqJOT3s=",
        "owner": "TheWhale01",
        "repo": "nvim-config",
        "rev": "005e599cda7b37a648bb6b581d10fdd55c82b791",
        "type": "github"
      },
      "original": {
        "owner": "TheWhale01",
        "repo": "nvim-config",
        "type": "github"
      }
    },
    "root": {
      "inputs": {
        "home-manager": "home-manager",
        "modules": "modules",
        "nixpkgs": "nixpkgs"
      }
    }
  },
  "root": "root",
  "version": 7
}
