{
  "nodes": {
    "base16": {
      "inputs": {
        "fromYaml": "fromYaml"
      },
      "locked": {
        "lastModified": 1755819240,
        "narHash": "sha256-qcMhnL7aGAuFuutH4rq9fvAhCpJWVHLcHVZLtPctPlo=",
        "owner": "SenchoPens",
        "repo": "base16.nix",
        "rev": "75ed5e5e3fce37df22e49125181fa37899c3ccd6",
        "type": "github"
      },
      "original": {
        "owner": "SenchoPens",
        "repo": "base16.nix",
        "type": "github"
      }
    },
    "base16-fish": {
      "flake": false,
      "locked": {
        "lastModified": 1765809053,
        "narHash": "sha256-XCUQLoLfBJ8saWms2HCIj4NEN+xNsWBlU1NrEPcQG4s=",
        "owner": "tomyun",
        "repo": "base16-fish",
        "rev": "86cbea4dca62e08fb7fd83a70e96472f92574782",
        "type": "github"
      },
      "original": {
        "owner": "tomyun",
        "repo": "base16-fish",
        "rev": "86cbea4dca62e08fb7fd83a70e96472f92574782",
        "type": "github"
      }
    },
    "base16-helix": {
      "flake": false,
      "locked": {
        "lastModified": 1760703920,
        "narHash": "sha256-m82fGUYns4uHd+ZTdoLX2vlHikzwzdu2s2rYM2bNwzw=",
        "owner": "tinted-theming",
        "repo": "base16-helix",
        "rev": "d646af9b7d14bff08824538164af99d0c521b185",
        "type": "github"
      },
      "original": {
        "owner": "tinted-theming",
        "repo": "base16-helix",
        "type": "github"
      }
    },
    "base16-vim": {
      "flake": false,
      "locked": {
        "lastModified": 1732806396,
        "narHash": "sha256-e0bpPySdJf0F68Ndanwm+KWHgQiZ0s7liLhvJSWDNsA=",
        "owner": "tinted-theming",
        "repo": "base16-vim",
        "rev": "577fe8125d74ff456cf942c733a85d769afe58b7",
        "type": "github"
      },
      "original": {
        "owner": "tinted-theming",
        "repo": "base16-vim",
        "rev": "577fe8125d74ff456cf942c733a85d769afe58b7",
        "type": "github"
      }
    },
    "disko": {
      "inputs": {
        "nixpkgs": [
          "nixpkgs"
        ]
      },
      "locked": {
        "lastModified": 1773889306,
        "narHash": "sha256-PAqwnsBSI9SVC2QugvQ3xeYCB0otOwCacB1ueQj2tgw=",
        "owner": "nix-community",
        "repo": "disko",
        "rev": "5ad85c82cc52264f4beddc934ba57f3789f28347",
        "type": "github"
      },
      "original": {
        "owner": "nix-community",
        "repo": "disko",
        "type": "github"
      }
    },
    "eden-emulator": {
      "inputs": {
        "flake-utils": "flake-utils",
        "frozen-src": "frozen-src",
        "mcl-src": "mcl-src",
        "nixpkgs": [
          "nixpkgs"
        ],
        "nx_tzdb-src": "nx_tzdb-src",
        "sirit-src": "sirit-src",
        "unordered_dense-src": "unordered_dense-src",
        "xbyak-src": "xbyak-src"
      },
      "locked": {
        "lastModified": 1774293184,
        "narHash": "sha256-QQ0uKx2XJPAWltj5wa9QjXCZJe1uUrSngyAIclahhQw=",
        "path": "/home/poseidon/code/eden",
        "type": "path"
      },
      "original": {
        "path": "/home/poseidon/code/eden",
        "type": "path"
      }
    },
    "firefox-gnome-theme": {
      "flake": false,
      "locked": {
        "lastModified": 1764873433,
        "narHash": "sha256-1XPewtGMi+9wN9Ispoluxunw/RwozuTRVuuQOmxzt+A=",
        "owner": "rafaelmardojai",
        "repo": "firefox-gnome-theme",
        "rev": "f7ffd917ac0d253dbd6a3bf3da06888f57c69f92",
        "type": "github"
      },
      "original": {
        "owner": "rafaelmardojai",
        "repo": "firefox-gnome-theme",
        "type": "github"
      }
    },
    "flake-parts": {
      "inputs": {
        "nixpkgs-lib": [
          "stylix",
          "nixpkgs"
        ]
      },
      "locked": {
        "lastModified": 1767609335,
        "narHash": "sha256-feveD98mQpptwrAEggBQKJTYbvwwglSbOv53uCfH9PY=",
        "owner": "hercules-ci",
        "repo": "flake-parts",
        "rev": "250481aafeb741edfe23d29195671c19b36b6dca",
        "type": "github"
      },
      "original": {
        "owner": "hercules-ci",
        "repo": "flake-parts",
        "type": "github"
      }
    },
    "flake-utils": {
      "inputs": {
        "systems": "systems"
      },
      "locked": {
        "lastModified": 1731533236,
        "narHash": "sha256-l0KFg5HjrsfsO/JpG+r7fRrqm12kzFHyUHqHCVpMMbI=",
        "owner": "numtide",
        "repo": "flake-utils",
        "rev": "11707dc2f618dd54ca8739b309ec4fc024de578b",
        "type": "github"
      },
      "original": {
        "owner": "numtide",
        "repo": "flake-utils",
        "type": "github"
      }
    },
    "fromYaml": {
      "flake": false,
      "locked": {
        "lastModified": 1731966426,
        "narHash": "sha256-lq95WydhbUTWig/JpqiB7oViTcHFP8Lv41IGtayokA8=",
        "owner": "SenchoPens",
        "repo": "fromYaml",
        "rev": "106af9e2f715e2d828df706c386a685698f3223b",
        "type": "github"
      },
      "original": {
        "owner": "SenchoPens",
        "repo": "fromYaml",
        "type": "github"
      }
    },
    "frozen-src": {
      "flake": false,
      "locked": {
        "lastModified": 1753800255,
        "narHash": "sha256-zIczBSRDWjX9hcmYWYkbWY3NAAQwQtKhMTeHlYp4BKk=",
        "type": "tarball",
        "url": "https://github.com/serge-sans-paille/frozen/archive/61dce5ae18.tar.gz"
      },
      "original": {
        "type": "tarball",
        "url": "https://github.com/serge-sans-paille/frozen/archive/61dce5ae18.tar.gz"
      }
    },
    "gnome-shell": {
      "flake": false,
      "locked": {
        "host": "gitlab.gnome.org",
        "lastModified": 1767737596,
        "narHash": "sha256-eFujfIUQDgWnSJBablOuG+32hCai192yRdrNHTv0a+s=",
        "owner": "GNOME",
        "repo": "gnome-shell",
        "rev": "ef02db02bf0ff342734d525b5767814770d85b49",
        "type": "gitlab"
      },
      "original": {
        "host": "gitlab.gnome.org",
        "owner": "GNOME",
        "ref": "gnome-49",
        "repo": "gnome-shell",
        "type": "gitlab"
      }
    },
    "home-manager": {
      "inputs": {
        "nixpkgs": [
          "nixpkgs"
        ]
      },
      "locked": {
        "lastModified": 1774875815,
        "narHash": "sha256-PzqwM4njoB3aznqwPZUawD4uOcJeu7N6GBTJKg81EQ4=",
        "owner": "nix-community",
        "repo": "home-manager",
        "rev": "9340f51314713c83360bf72d75c8b404778ab5b1",
        "type": "github"
      },
      "original": {
        "owner": "nix-community",
        "repo": "home-manager",
        "type": "github"
      }
    },
    "jovian": {
      "inputs": {
        "nix-github-actions": "nix-github-actions",
        "nixpkgs": [
          "nixpkgs"
        ]
      },
      "locked": {
        "lastModified": 1774679353,
        "narHash": "sha256-N5L8U18JigqVqxMz1FuwbJVruCCa5lA6hgGeXLg8LI8=",
        "owner": "Jovian-Experiments",
        "repo": "Jovian-NixOS",
        "rev": "8ffb6db9322542ec3cb541a232864084422f7e90",
        "type": "github"
      },
      "original": {
        "owner": "Jovian-Experiments",
        "repo": "Jovian-NixOS",
        "type": "github"
      }
    },
    "kiln": {
      "inputs": {
        "nixpkgs": [
          "nixpkgs"
        ]
      },
      "locked": {
        "lastModified": 1773763883,
        "narHash": "sha256-E+E5GuuLTi2gKOSD4HqVbt5p6JKtXO1xZ7RdL8+d/kY=",
        "owner": "otaleghani",
        "repo": "kiln",
        "rev": "975b6a92b396009d9fccdafa26cb8e2ea36bf0df",
        "type": "github"
      },
      "original": {
        "owner": "otaleghani",
        "repo": "kiln",
        "type": "github"
      }
    },
    "mcl-src": {
      "flake": false,
      "locked": {
        "lastModified": 1742164024,
        "narHash": "sha256-uTOiOlMzKbZSjKjtVSqFU+9m8v8horoCq3wL0O2E8sI=",
        "type": "tarball",
        "url": "https://github.com/azahar-emu/mcl/archive/7b08d83418.tar.gz"
      },
      "original": {
        "type": "tarball",
        "url": "https://github.com/azahar-emu/mcl/archive/7b08d83418.tar.gz"
      }
    },
    "modules": {
      "inputs": {
        "nixpkgs": [
          "nixpkgs"
        ],
        "nvim-config": "nvim-config"
      },
      "locked": {
        "lastModified": 1773744494,
        "narHash": "sha256-LOkLwTA4xqkdG4xCQ7YIuLuJUpiTMm+gR/0SDZLgL0E=",
        "owner": "TheWhale01",
        "repo": "nixos-modules",
        "rev": "477a0c5d86b8bde4132d5324e86e02bd8acf1ddc",
        "type": "github"
      },
      "original": {
        "owner": "TheWhale01",
        "repo": "nixos-modules",
        "type": "github"
      }
    },
    "nix-github-actions": {
      "inputs": {
        "nixpkgs": [
          "jovian",
          "nixpkgs"
        ]
      },
      "locked": {
        "lastModified": 1729697500,
        "narHash": "sha256-VFTWrbzDlZyFHHb1AlKRiD/qqCJIripXKiCSFS8fAOY=",
        "owner": "zhaofengli",
        "repo": "nix-github-actions",
        "rev": "e418aeb728b6aa5ca8c5c71974e7159c2df1d8cf",
        "type": "github"
      },
      "original": {
        "owner": "zhaofengli",
        "ref": "matrix-name",
        "repo": "nix-github-actions",
        "type": "github"
      }
    },
    "nixos-hardware": {
      "locked": {
        "lastModified": 1774777275,
        "narHash": "sha256-qogBiYFq8hZusDPeeKRqzelBAhZvREc7Cl+qlewGUCg=",
        "owner": "NixOS",
        "repo": "nixos-hardware",
        "rev": "b8f81636927f1af0cca812d22c876bad0a883ccd",
        "type": "github"
      },
      "original": {
        "owner": "NixOS",
        "ref": "master",
        "repo": "nixos-hardware",
        "type": "github"
      }
    },
    "nixpkgs": {
      "locked": {
        "lastModified": 1774709303,
        "narHash": "sha256-D3Q07BbIA2KnTcSXIqqu9P586uWxN74zNoCH3h2ESHg=",
        "owner": "nixos",
        "repo": "nixpkgs",
        "rev": "8110df5ad7abf5d4c0f6fb0f8f978390e77f9685",
        "type": "github"
      },
      "original": {
        "owner": "nixos",
        "ref": "nixos-unstable",
        "repo": "nixpkgs",
        "type": "github"
      }
    },
    "nur": {
      "inputs": {
        "flake-parts": [
          "stylix",
          "flake-parts"
        ],
        "nixpkgs": [
          "stylix",
          "nixpkgs"
        ]
      },
      "locked": {
        "lastModified": 1767810917,
        "narHash": "sha256-ZKqhk772+v/bujjhla9VABwcvz+hB2IaRyeLT6CFnT0=",
        "owner": "nix-community",
        "repo": "NUR",
        "rev": "dead29c804adc928d3a69dfe7f9f12d0eec1f1a4",
        "type": "github"
      },
      "original": {
        "owner": "nix-community",
        "repo": "NUR",
        "type": "github"
      }
    },
    "nvim-config": {
      "flake": false,
      "locked": {
        "lastModified": 1773681976,
        "narHash": "sha256-86B5RoZmWcsQUTYtP0IOhdKqokr/01NhpMoeWqJOT3s=",
        "owner": "TheWhale01",
        "repo": "nvim-config",
        "rev": "005e599cda7b37a648bb6b581d10fdd55c82b791",
        "type": "github"
      },
      "original": {
        "owner": "TheWhale01",
        "repo": "nvim-config",
        "type": "github"
      }
    },
    "nx_tzdb-src": {
      "flake": false,
      "locked": {
        "lastModified": 1762923998,
        "narHash": "sha256-6+qt4yzisNx8cAOrWVS+g/GCeTD37iejQN06Ij6OMxU=",
        "type": "tarball",
        "url": "https://git.crueter.xyz/misc/tzdb_to_nx/releases/download/121125/121125.tar.gz"
      },
      "original": {
        "type": "tarball",
        "url": "https://git.crueter.xyz/misc/tzdb_to_nx/releases/download/121125/121125.tar.gz"
      }
    },
    "root": {
      "inputs": {
        "disko": "disko",
        "eden-emulator": "eden-emulator",
        "home-manager": "home-manager",
        "jovian": "jovian",
        "kiln": "kiln",
        "modules": "modules",
        "nixos-hardware": "nixos-hardware",
        "nixpkgs": "nixpkgs",
        "stylix": "stylix",
        "zen-browser": "zen-browser"
      }
    },
    "sirit-src": {
      "flake": false,
      "locked": {
        "lastModified": 1763960311,
        "narHash": "sha256-eBr+KorrAOFVzxRGZ2L3H6abfNAGrdVvO/NzOFwauTA=",
        "owner": "eden-emulator",
        "repo": "sirit",
        "rev": "4aa0fe9f2ca0b31d8345f89c8ca2757156ff2393",
        "type": "github"
      },
      "original": {
        "owner": "eden-emulator",
        "ref": "v1.0.3",
        "repo": "sirit",
        "type": "github"
      }
    },
    "stylix": {
      "inputs": {
        "base16": "base16",
        "base16-fish": "base16-fish",
        "base16-helix": "base16-helix",
        "base16-vim": "base16-vim",
        "firefox-gnome-theme": "firefox-gnome-theme",
        "flake-parts": "flake-parts",
        "gnome-shell": "gnome-shell",
        "nixpkgs": [
          "nixpkgs"
        ],
        "nur": "nur",
        "systems": "systems_2",
        "tinted-foot": "tinted-foot",
        "tinted-kitty": "tinted-kitty",
        "tinted-schemes": "tinted-schemes",
        "tinted-tmux": "tinted-tmux",
        "tinted-zed": "tinted-zed"
      },
      "locked": {
        "lastModified": 1774124764,
        "narHash": "sha256-Poz9WTjiRlqZIf197CrMMJfTifZhrZpbHFv0eU1Nhtg=",
        "owner": "danth",
        "repo": "stylix",
        "rev": "e31c79f571c5595a155f84b9d77ce53a84745494",
        "type": "github"
      },
      "original": {
        "owner": "danth",
        "repo": "stylix",
        "type": "github"
      }
    },
    "systems": {
      "locked": {
        "lastModified": 1681028828,
        "narHash": "sha256-Vy1rq5AaRuLzOxct8nz4T6wlgyUR7zLU309k9mBC768=",
        "owner": "nix-systems",
        "repo": "default",
        "rev": "da67096a3b9bf56a91d16901293e51ba5b49a27e",
        "type": "github"
      },
      "original": {
        "owner": "nix-systems",
        "repo": "default",
        "type": "github"
      }
    },
    "systems_2": {
      "locked": {
        "lastModified": 1681028828,
        "narHash": "sha256-Vy1rq5AaRuLzOxct8nz4T6wlgyUR7zLU309k9mBC768=",
        "owner": "nix-systems",
        "repo": "default",
        "rev": "da67096a3b9bf56a91d16901293e51ba5b49a27e",
        "type": "github"
      },
      "original": {
        "owner": "nix-systems",
        "repo": "default",
        "type": "github"
      }
    },
    "tinted-foot": {
      "flake": false,
      "locked": {
        "lastModified": 1726913040,
        "narHash": "sha256-+eDZPkw7efMNUf3/Pv0EmsidqdwNJ1TaOum6k7lngDQ=",
        "owner": "tinted-theming",
        "repo": "tinted-foot",
        "rev": "fd1b924b6c45c3e4465e8a849e67ea82933fcbe4",
        "type": "github"
      },
      "original": {
        "owner": "tinted-theming",
        "repo": "tinted-foot",
        "rev": "fd1b924b6c45c3e4465e8a849e67ea82933fcbe4",
        "type": "github"
      }
    },
    "tinted-kitty": {
      "flake": false,
      "locked": {
        "lastModified": 1735730497,
        "narHash": "sha256-4KtB+FiUzIeK/4aHCKce3V9HwRvYaxX+F1edUrfgzb8=",
        "owner": "tinted-theming",
        "repo": "tinted-kitty",
        "rev": "de6f888497f2c6b2279361bfc790f164bfd0f3fa",
        "type": "github"
      },
      "original": {
        "owner": "tinted-theming",
        "repo": "tinted-kitty",
        "type": "github"
      }
    },
    "tinted-schemes": {
      "flake": false,
      "locked": {
        "lastModified": 1767710407,
        "narHash": "sha256-+W1EB79Jl0/gm4JqmO0Nuc5C7hRdp4vfsV/VdzI+des=",
        "owner": "tinted-theming",
        "repo": "schemes",
        "rev": "2800e2b8ac90f678d7e4acebe4fa253f602e05b2",
        "type": "github"
      },
      "original": {
        "owner": "tinted-theming",
        "repo": "schemes",
        "type": "github"
      }
    },
    "tinted-tmux": {
      "flake": false,
      "locked": {
        "lastModified": 1767489635,
        "narHash": "sha256-e6nnFnWXKBCJjCv4QG4bbcouJ6y3yeT70V9MofL32lU=",
        "owner": "tinted-theming",
        "repo": "tinted-tmux",
        "rev": "3c32729ccae99be44fe8a125d20be06f8d7d8184",
        "type": "github"
      },
      "original": {
        "owner": "tinted-theming",
        "repo": "tinted-tmux",
        "type": "github"
      }
    },
    "tinted-zed": {
      "flake": false,
      "locked": {
        "lastModified": 1767488740,
        "narHash": "sha256-wVOj0qyil8m+ouSsVZcNjl5ZR+1GdOOAooAatQXHbuU=",
        "owner": "tinted-theming",
        "repo": "base16-zed",
        "rev": "11abb0b282ad3786a2aae088d3a01c60916f2e40",
        "type": "github"
      },
      "original": {
        "owner": "tinted-theming",
        "repo": "base16-zed",
        "type": "github"
      }
    },
    "unordered_dense-src": {
      "flake": false,
      "locked": {
        "lastModified": 1762116280,
        "narHash": "sha256-JdPlyShWnAcdgixDHRaroFg7YWdPtD4Nl1PmpcQ1SAk=",
        "owner": "martinus",
        "repo": "unordered_dense",
        "rev": "3234af2c03549bc85656bfd3a86993bf1cd8aef1",
        "type": "github"
      },
      "original": {
        "owner": "martinus",
        "ref": "v4.8.1",
        "repo": "unordered_dense",
        "type": "github"
      }
    },
    "xbyak-src": {
      "flake": false,
      "locked": {
        "lastModified": 1731308623,
        "narHash": "sha256-ZmdOjO5MbY+z+hJEVgpQzoYGo5GAFgwAPiv4vs/YMUA=",
        "owner": "herumi",
        "repo": "xbyak",
        "rev": "4e44f4614ddbf038f2a6296f5b906d5c72691e0f",
        "type": "github"
      },
      "original": {
        "owner": "herumi",
        "ref": "v7.22",
        "repo": "xbyak",
        "type": "github"
      }
    },
    "zen-browser": {
      "inputs": {
        "home-manager": [
          "home-manager"
        ],
        "nixpkgs": [
          "nixpkgs"
        ]
      },
      "locked": {
        "lastModified": 1774848370,
        "narHash": "sha256-Esm+aiabP563BcUFfFUCIOlFaTxKUXPp6jw0LMAV7ik=",
        "owner": "0xc000022070",
        "repo": "zen-browser-flake",
        "rev": "712c476500e96df74276be99bb3fa9631f494f3a",
        "type": "github"
      },
      "original": {
        "owner": "0xc000022070",
        "repo": "zen-browser-flake",
        "type": "github"
      }
    }
  },
  "root": "root",
  "version": 7
}
